
Microsoft Visual Studio Solution File, Format Version 12.00
# Visual Studio Version 16
VisualStudioVersion = 16.0.29519.181
MinimumVisualStudioVersion = 10.0.40219.1
Project("{9A19103F-16F7-4668-BE54-9A1E7A4F7556}") = "AdventOfCode2020Console", "AdventOfCode2020Console\AdventOfCode2020Console.csproj", "{A8BE3F19-65D1-4E88-994F-793DBFA2865B}"
EndProject
Project("{9A19103F-16F7-4668-BE54-9A1E7A4F7556}") = "AdventOfCode", "AdventOfCode\AdventOfCode.csproj", "{1AF94AB1-8C9C-4DDE-B9D9-B8A67513D992}"
EndProject
Project("{9A19103F-16F7-4668-BE54-9A1E7A4F7556}") = "AdventOfCode2020Test", "AdventOfCode2020Test\AdventOfCode2020Test.csproj", "{23597489-2800-4523-A177-6AEB4A7C3AE7}"
EndProject
Project("{9A19103F-16F7-4668-BE54-9A1E7A4F7556}") = "AdventOfCode2020Benchmarks", "AdventOfCode2020Benchmarks\AdventOfCode2020Benchmarks.csproj", "{838EEDB7-0481-4E4D-8D6E-535143A980BE}"
EndProject
Project("{2150E333-8FDC-42A3-9474-1A3956D46DE8}") = "Tests", "Tests", "{A9003968-F509-4A59-A7EC-2E32BEF219DB}"
EndProject
Global
	GlobalSection(SolutionConfigurationPlatforms) = preSolution
		Debug|Any CPU = Debug|Any CPU
		Release|Any CPU = Release|Any CPU
	EndGlobalSection
	GlobalSection(ProjectConfigurationPlatforms) = postSolution
		{A8BE3F19-65D1-4E88-994F-793DBFA2865B}.Debug|Any CPU.ActiveCfg = Debug|Any CPU
		{A8BE3F19-65D1-4E88-994F-793DBFA2865B}.Debug|Any CPU.Build.0 = Debug|Any CPU
		{A8BE3F19-65D1-4E88-994F-793DBFA2865B}.Release|Any CPU.ActiveCfg = Release|Any CPU
		{A8BE3F19-65D1-4E88-994F-793DBFA2865B}.Release|Any CPU.Build.0 = Release|Any CPU
		{1AF94AB1-8C9C-4DDE-B9D9-B8A67513D992}.Debug|Any CPU.ActiveCfg = Debug|Any CPU
		{1AF94AB1-8C9C-4DDE-B9D9-B8A67513D992}.Debug|Any CPU.Build.0 = Debug|Any CPU
		{1AF94AB1-8C9C-4DDE-B9D9-B8A67513D992}.Release|Any CPU.ActiveCfg = Release|Any CPU
		{1AF94AB1-8C9C-4DDE-B9D9-B8A67513D992}.Release|Any CPU.Build.0 = Release|Any CPU
		{23597489-2800-4523-A177-6AEB4A7C3AE7}.Debug|Any CPU.ActiveCfg = Debug|Any CPU
		{23597489-2800-4523-A177-6AEB4A7C3AE7}.Debug|Any CPU.Build.0 = Debug|Any CPU
		{23597489-2800-4523-A177-6AEB4A7C3AE7}.Release|Any CPU.ActiveCfg = Release|Any CPU
		{23597489-2800-4523-A177-6AEB4A7C3AE7}.Release|Any CPU.Build.0 = Release|Any CPU
		{838EEDB7-0481-4E4D-8D6E-535143A980BE}.Debug|Any CPU.ActiveCfg = Debug|Any CPU
		{838EEDB7-0481-4E4D-8D6E-535143A980BE}.Debug|Any CPU.Build.0 = Debug|Any CPU
		{838EEDB7-0481-4E4D-8D6E-535143A980BE}.Release|Any CPU.ActiveCfg = Release|Any CPU
		{838EEDB7-0481-4E4D-8D6E-535143A980BE}.Release|Any CPU.Build.0 = Release|Any CPU
	EndGlobalSection
	GlobalSection(SolutionProperties) = preSolution
		HideSolutionNode = FALSE
	EndGlobalSection
	GlobalSection(NestedProjects) = preSolution
		{23597489-2800-4523-A177-6AEB4A7C3AE7} = {A9003968-F509-4A59-A7EC-2E32BEF219DB}
		{838EEDB7-0481-4E4D-8D6E-535143A980BE} = {A9003968-F509-4A59-A7EC-2E32BEF219DB}
	EndGlobalSection
	GlobalSection(ExtensibilityGlobals) = postSolution
		SolutionGuid = {0249AD58-E770-4206-8FF0-77A7414BCF94}
	EndGlobalSection
EndGlobal
